// !$*UTF8*$!
{
	archiveVersion = 1;
	classes = {
	};
	objectVersion = 46;
	objects = {

/* Begin PBXBuildFile section */
		5142014D2437B4B30078DB4F /* AppDelegate.mm in Sources */ = {isa = PBXBuildFile; fileRef = 5142014C2437B4B30078DB4F /* AppDelegate.mm */; };
		514201522437B4B40078DB4F /* Assets.xcassets in Resources */ = {isa = PBXBuildFile; fileRef = 514201512437B4B40078DB4F /* Assets.xcassets */; };
		514201552437B4B40078DB4F /* Main.storyboard in Resources */ = {isa = PBXBuildFile; fileRef = 514201532437B4B40078DB4F /* Main.storyboard */; };
		514201582437B4B40078DB4F /* main.m in Sources */ = {isa = PBXBuildFile; fileRef = 514201572437B4B40078DB4F /* main.m */; };
		5D0045734F6C5D73F8546B05 /* PrivacyInfo.xcprivacy in Resources */ = {isa = PBXBuildFile; fileRef = 2F264B867F71A9A4C58140DE /* PrivacyInfo.xcprivacy */; };
		AA0000012437B4B30078DB4F /* RCTSFSymbolViewManager.m in Sources */ = {isa = PBXBuildFile; fileRef = AA0000002437B4B30078DB4F /* RCTSFSymbolViewManager.m */; };
		AA0000032437B4B30078DB4F /* RCTFinderViewManager.m in Sources */ = {isa = PBXBuildFile; fileRef = AA0000022437B4B30078DB4F /* RCTFinderViewManager.m */; };
		AA0000052437B4B30078DB4F /* RCTNativeShowcaseManager.m in Sources */ = {isa = PBXBuildFile; fileRef = AA0000042437B4B30078DB4F /* RCTNativeShowcaseManager.m */; };
		AA0000072437B4B30078DB4F /* RCTMacOSControlsManager.m in Sources */ = {isa = PBXBuildFile; fileRef = AA0000062437B4B30078DB4F /* RCTMacOSControlsManager.m */; };
		BB0000012437B4B30078DB4F /* windy_tree.riv in Resources */ = {isa = PBXBuildFile; fileRef = BB0000002437B4B30078DB4F /* windy_tree.riv */; };
		BB0000032437B4B30078DB4F /* light_switch.riv in Resources */ = {isa = PBXBuildFile; fileRef = BB0000022437B4B30078DB4F /* light_switch.riv */; };
		BB0000052437B4B30078DB4F /* rating_animation.riv in Resources */ = {isa = PBXBuildFile; fileRef = BB0000042437B4B30078DB4F /* rating_animation.riv */; };
		BB0000072437B4B30078DB4F /* switch_event_example.riv in Resources */ = {isa = PBXBuildFile; fileRef = BB0000062437B4B30078DB4F /* switch_event_example.riv */; };
		BB0000092437B4B30078DB4F /* cat_following_mouse.riv in Resources */ = {isa = PBXBuildFile; fileRef = BB0000082437B4B30078DB4F /* cat_following_mouse.riv */; };
		BB00000B2437B4B30078DB4F /* cursor_tracking.riv in Resources */ = {isa = PBXBuildFile; fileRef = BB00000A2437B4B30078DB4F /* cursor_tracking.riv */; };
		BE70DEDEE32B54947FC49AFF /* libPods-YogaReactExample-macOS.a in Frameworks */ = {isa = PBXBuildFile; fileRef = C3E14041CD325948C5922BE0 /* libPods-YogaReactExample-macOS.a */; };
		CC0000012437B4B30078DB4F /* purescript.png in Resources */ = {isa = PBXBuildFile; fileRef = CC0000002437B4B30078DB4F /* purescript.png */; };
		CC0000032437B4B30078DB4F /* haskell.png in Resources */ = {isa = PBXBuildFile; fileRef = CC0000022437B4B30078DB4F /* haskell.png */; };
		CC0000052437B4B30078DB4F /* shipit.png in Resources */ = {isa = PBXBuildFile; fileRef = CC0000042437B4B30078DB4F /* shipit.png */; };
		CC0000072437B4B30078DB4F /* party.png in Resources */ = {isa = PBXBuildFile; fileRef = CC0000062437B4B30078DB4F /* party.png */; };
		CC0000092437B4B30078DB4F /* parrot.gif in Resources */ = {isa = PBXBuildFile; fileRef = CC00000A2437B4B30078DB4F /* parrot.gif */; };
		CC00000B2437B4B30078DB4F /* congaparrot.gif in Resources */ = {isa = PBXBuildFile; fileRef = CC00000C2437B4B30078DB4F /* congaparrot.gif */; };
		CC00000D2437B4B30078DB4F /* cooldoge.gif in Resources */ = {isa = PBXBuildFile; fileRef = CC00000E2437B4B30078DB4F /* cooldoge.gif */; };
		CC00000F2437B4B30078DB4F /* dealwithit.gif in Resources */ = {isa = PBXBuildFile; fileRef = CC0000102437B4B30078DB4F /* dealwithit.gif */; };
		CC0000112437B4B30078DB4F /* fastparrot.gif in Resources */ = {isa = PBXBuildFile; fileRef = CC0000122437B4B30078DB4F /* fastparrot.gif */; };
		CC0000132437B4B30078DB4F /* opensourceparrot.gif in Resources */ = {isa = PBXBuildFile; fileRef = CC0000142437B4B30078DB4F /* opensourceparrot.gif */; };
		CC0000152437B4B30078DB4F /* partyblob.gif in Resources */ = {isa = PBXBuildFile; fileRef = CC0000162437B4B30078DB4F /* partyblob.gif */; };
		CC0000172437B4B30078DB4F /* typingcat.gif in Resources */ = {isa = PBXBuildFile; fileRef = CC0000182437B4B30078DB4F /* typingcat.gif */; };
		CC0000192437B4B30078DB4F /* ultraparrot.gif in Resources */ = {isa = PBXBuildFile; fileRef = CC00001A2437B4B30078DB4F /* ultraparrot.gif */; };
		DEB487CCA36791EC34548205 /* PrivacyInfo.xcprivacy in Resources */ = {isa = PBXBuildFile; fileRef = 2F264B867F71A9A4C58140DE /* PrivacyInfo.xcprivacy */; };
/* End PBXBuildFile section */

/* Begin PBXFileReference section */
		13B07F961A680F5B00A75B9A /* YogaReactExample.app */ = {isa = PBXFileReference; explicitFileType = wrapper.application; includeInIndex = 0; path = YogaReactExample.app; sourceTree = BUILT_PRODUCTS_DIR; };
		21189D06A4C5925B17F3369D /* Pods-YogaReactExample-macOS.debug.xcconfig */ = {isa = PBXFileReference; includeInIndex = 1; lastKnownFileType = text.xcconfig; name = "Pods-YogaReactExample-macOS.debug.xcconfig"; path = "Target Support Files/Pods-YogaReactExample-macOS/Pods-YogaReactExample-macOS.debug.xcconfig"; sourceTree = "<group>"; };
		2F264B867F71A9A4C58140DE /* PrivacyInfo.xcprivacy */ = {isa = PBXFileReference; includeInIndex = 1; path = PrivacyInfo.xcprivacy; sourceTree = "<group>"; };
		514201492437B4B30078DB4F /* YogaReactExample.app */ = {isa = PBXFileReference; explicitFileType = wrapper.application; includeInIndex = 0; path = YogaReactExample.app; sourceTree = BUILT_PRODUCTS_DIR; };
		5142014B2437B4B30078DB4F /* AppDelegate.h */ = {isa = PBXFileReference; lastKnownFileType = sourcecode.c.h; path = AppDelegate.h; sourceTree = "<group>"; };
		5142014C2437B4B30078DB4F /* AppDelegate.mm */ = {isa = PBXFileReference; lastKnownFileType = sourcecode.cpp.objcpp; path = AppDelegate.mm; sourceTree = "<group>"; };
		514201512437B4B40078DB4F /* Assets.xcassets */ = {isa = PBXFileReference; lastKnownFileType = folder.assetcatalog; path = Assets.xcassets; sourceTree = "<group>"; };
		514201542437B4B40078DB4F /* Base */ = {isa = PBXFileReference; lastKnownFileType = file.storyboard; name = Base; path = Base.lproj/Main.storyboard; sourceTree = "<group>"; };
		514201562437B4B40078DB4F /* Info.plist */ = {isa = PBXFileReference; lastKnownFileType = text.plist.xml; path = Info.plist; sourceTree = "<group>"; };
		514201572437B4B40078DB4F /* main.m */ = {isa = PBXFileReference; lastKnownFileType = sourcecode.c.objc; path = main.m; sourceTree = "<group>"; };
		514201592437B4B40078DB4F /* YogaReactExample.entitlements */ = {isa = PBXFileReference; lastKnownFileType = text.plist.entitlements; path = YogaReactExample.entitlements; sourceTree = "<group>"; };
		6219FEE28F8561D55869D1DF /* Pods-YogaReactExample-macOS.release.xcconfig */ = {isa = PBXFileReference; includeInIndex = 1; lastKnownFileType = text.xcconfig; name = "Pods-YogaReactExample-macOS.release.xcconfig"; path = "Target Support Files/Pods-YogaReactExample-macOS/Pods-YogaReactExample-macOS.release.xcconfig"; sourceTree = "<group>"; };
		AA0000002437B4B30078DB4F /* RCTSFSymbolViewManager.m */ = {isa = PBXFileReference; lastKnownFileType = sourcecode.c.objc; path = RCTSFSymbolViewManager.m; sourceTree = "<group>"; };
		AA0000022437B4B30078DB4F /* RCTFinderViewManager.m */ = {isa = PBXFileReference; lastKnownFileType = sourcecode.c.objc; path = RCTFinderViewManager.m; sourceTree = "<group>"; };
		AA0000042437B4B30078DB4F /* RCTNativeShowcaseManager.m */ = {isa = PBXFileReference; lastKnownFileType = sourcecode.c.objc; path = RCTNativeShowcaseManager.m; sourceTree = "<group>"; };
		AA0000062437B4B30078DB4F /* RCTMacOSControlsManager.m */ = {isa = PBXFileReference; lastKnownFileType = sourcecode.c.objc; path = RCTMacOSControlsManager.m; sourceTree = "<group>"; };
		BB0000002437B4B30078DB4F /* windy_tree.riv */ = {isa = PBXFileReference; lastKnownFileType = file; path = windy_tree.riv; sourceTree = "<group>"; };
		BB0000022437B4B30078DB4F /* light_switch.riv */ = {isa = PBXFileReference; lastKnownFileType = file; path = light_switch.riv; sourceTree = "<group>"; };
		BB0000042437B4B30078DB4F /* rating_animation.riv */ = {isa = PBXFileReference; lastKnownFileType = file; path = rating_animation.riv; sourceTree = "<group>"; };
		BB0000062437B4B30078DB4F /* switch_event_example.riv */ = {isa = PBXFileReference; lastKnownFileType = file; path = switch_event_example.riv; sourceTree = "<group>"; };
		BB0000082437B4B30078DB4F /* cat_following_mouse.riv */ = {isa = PBXFileReference; lastKnownFileType = file; path = cat_following_mouse.riv; sourceTree = "<group>"; };
		BB00000A2437B4B30078DB4F /* cursor_tracking.riv */ = {isa = PBXFileReference; lastKnownFileType = file; path = cursor_tracking.riv; sourceTree = "<group>"; };
		C3E14041CD325948C5922BE0 /* libPods-YogaReactExample-macOS.a */ = {isa = PBXFileReference; explicitFileType = archive.ar; includeInIndex = 0; path = "libPods-YogaReactExample-macOS.a"; sourceTree = BUILT_PRODUCTS_DIR; };
		CC0000002437B4B30078DB4F /* purescript.png */ = {isa = PBXFileReference; lastKnownFileType = image.png; path = purescript.png; sourceTree = "<group>"; };
		CC0000022437B4B30078DB4F /* haskell.png */ = {isa = PBXFileReference; lastKnownFileType = image.png; path = haskell.png; sourceTree = "<group>"; };
		CC0000042437B4B30078DB4F /* shipit.png */ = {isa = PBXFileReference; lastKnownFileType = image.png; path = shipit.png; sourceTree = "<group>"; };
		CC0000062437B4B30078DB4F /* party.png */ = {isa = PBXFileReference; lastKnownFileType = image.png; path = party.png; sourceTree = "<group>"; };
		CC00000A2437B4B30078DB4F /* parrot.gif */ = {isa = PBXFileReference; lastKnownFileType = image.gif; path = parrot.gif; sourceTree = "<group>"; };
		CC00000C2437B4B30078DB4F /* congaparrot.gif */ = {isa = PBXFileReference; lastKnownFileType = image.gif; path = congaparrot.gif; sourceTree = "<group>"; };
		CC00000E2437B4B30078DB4F /* cooldoge.gif */ = {isa = PBXFileReference; lastKnownFileType = image.gif; path = cooldoge.gif; sourceTree = "<group>"; };
		CC0000102437B4B30078DB4F /* dealwithit.gif */ = {isa = PBXFileReference; lastKnownFileType = image.gif; path = dealwithit.gif; sourceTree = "<group>"; };
		CC0000122437B4B30078DB4F /* fastparrot.gif */ = {isa = PBXFileReference; lastKnownFileType = image.gif; path = fastparrot.gif; sourceTree = "<group>"; };
		CC0000142437B4B30078DB4F /* opensourceparrot.gif */ = {isa = PBXFileReference; lastKnownFileType = image.gif; path = opensourceparrot.gif; sourceTree = "<group>"; };
		CC0000162437B4B30078DB4F /* partyblob.gif */ = {isa = PBXFileReference; lastKnownFileType = image.gif; path = partyblob.gif; sourceTree = "<group>"; };
		CC0000182437B4B30078DB4F /* typingcat.gif */ = {isa = PBXFileReference; lastKnownFileType = image.gif; path = typingcat.gif; sourceTree = "<group>"; };
		CC00001A2437B4B30078DB4F /* ultraparrot.gif */ = {isa = PBXFileReference; lastKnownFileType = image.gif; path = ultraparrot.gif; sourceTree = "<group>"; };
		ED297162215061F000B7C4FE /* JavaScriptCore.framework */ = {isa = PBXFileReference; lastKnownFileType = wrapper.framework; name = JavaScriptCore.framework; path = System/Library/Frameworks/JavaScriptCore.framework; sourceTree = SDKROOT; };
/* End PBXFileReference section */

/* Begin PBXFrameworksBuildPhase section */
		13B07F8C1A680F5B00A75B9A /* Frameworks */ = {
			isa = PBXFrameworksBuildPhase;
			buildActionMask = 2147483647;
			files = (
			);
			runOnlyForDeploymentPostprocessing = 0;
		};
		514201462437B4B30078DB4F /* Frameworks */ = {
			isa = PBXFrameworksBuildPhase;
			buildActionMask = 2147483647;
			files = (
				BE70DEDEE32B54947FC49AFF /* libPods-YogaReactExample-macOS.a in Frameworks */,
			);
			runOnlyForDeploymentPostprocessing = 0;
		};
/* End PBXFrameworksBuildPhase section */

/* Begin PBXGroup section */
		2D16E6871FA4F8E400B85C8A /* Frameworks */ = {
			isa = PBXGroup;
			children = (
				ED297162215061F000B7C4FE /* JavaScriptCore.framework */,
				C3E14041CD325948C5922BE0 /* libPods-YogaReactExample-macOS.a */,
			);
			name = Frameworks;
			sourceTree = "<group>";
		};
		5142014A2437B4B30078DB4F /* YogaReactExample-macOS */ = {
			isa = PBXGroup;
			children = (
				5142014B2437B4B30078DB4F /* AppDelegate.h */,
				5142014C2437B4B30078DB4F /* AppDelegate.mm */,
				514201512437B4B40078DB4F /* Assets.xcassets */,
				514201532437B4B40078DB4F /* Main.storyboard */,
				514201562437B4B40078DB4F /* Info.plist */,
				514201572437B4B40078DB4F /* main.m */,
				514201592437B4B40078DB4F /* YogaReactExample.entitlements */,
				AA0000002437B4B30078DB4F /* RCTSFSymbolViewManager.m */,
				AA0000022437B4B30078DB4F /* RCTFinderViewManager.m */,
				AA0000042437B4B30078DB4F /* RCTNativeShowcaseManager.m */,
				AA0000062437B4B30078DB4F /* RCTMacOSControlsManager.m */,
				BB0000002437B4B30078DB4F /* windy_tree.riv */,
				BB0000022437B4B30078DB4F /* light_switch.riv */,
				BB0000042437B4B30078DB4F /* rating_animation.riv */,
				BB0000062437B4B30078DB4F /* switch_event_example.riv */,
				BB0000082437B4B30078DB4F /* cat_following_mouse.riv */,
				BB00000A2437B4B30078DB4F /* cursor_tracking.riv */,
				CC0000082437B4B30078DB4F /* emoji */,
			);
			path = "YogaReactExample-macOS";
			sourceTree = "<group>";
		};
		5C1D5C2AEABED01E6110A444 /* Pods */ = {
			isa = PBXGroup;
			children = (
				21189D06A4C5925B17F3369D /* Pods-YogaReactExample-macOS.debug.xcconfig */,
				6219FEE28F8561D55869D1DF /* Pods-YogaReactExample-macOS.release.xcconfig */,
			);
			name = Pods;
			path = Pods;
			sourceTree = "<group>";
		};
		832341AE1AAA6A7D00B99B32 /* Libraries */ = {
			isa = PBXGroup;
			children = (
			);
			name = Libraries;
			sourceTree = "<group>";
		};
		83CBB9F61A601CBA00E9B192 = {
			isa = PBXGroup;
			children = (
				5142014A2437B4B30078DB4F /* YogaReactExample-macOS */,
				832341AE1AAA6A7D00B99B32 /* Libraries */,
				83CBBA001A601CBA00E9B192 /* Products */,
				2D16E6871FA4F8E400B85C8A /* Frameworks */,
				2F264B867F71A9A4C58140DE /* PrivacyInfo.xcprivacy */,
				5C1D5C2AEABED01E6110A444 /* Pods */,
			);
			indentWidth = 2;
			sourceTree = "<group>";
			tabWidth = 2;
			usesTabs = 0;
		};
		83CBBA001A601CBA00E9B192 /* Products */ = {
			isa = PBXGroup;
			children = (
				13B07F961A680F5B00A75B9A /* YogaReactExample.app */,
				514201492437B4B30078DB4F /* YogaReactExample.app */,
			);
			name = Products;
			sourceTree = "<group>";
		};
		CC0000082437B4B30078DB4F /* emoji */ = {
			isa = PBXGroup;
			children = (
				CC0000002437B4B30078DB4F /* purescript.png */,
				CC0000022437B4B30078DB4F /* haskell.png */,
				CC0000042437B4B30078DB4F /* shipit.png */,
				CC0000062437B4B30078DB4F /* party.png */,
				CC00000A2437B4B30078DB4F /* parrot.gif */,
				CC00000C2437B4B30078DB4F /* congaparrot.gif */,
				CC00000E2437B4B30078DB4F /* cooldoge.gif */,
				CC0000102437B4B30078DB4F /* dealwithit.gif */,
				CC0000122437B4B30078DB4F /* fastparrot.gif */,
				CC0000142437B4B30078DB4F /* opensourceparrot.gif */,
				CC0000162437B4B30078DB4F /* partyblob.gif */,
				CC0000182437B4B30078DB4F /* typingcat.gif */,
				CC00001A2437B4B30078DB4F /* ultraparrot.gif */,
			);
			path = emoji;
			sourceTree = "<group>";
		};
/* End PBXGroup section */

/* Begin PBXNativeTarget section */
		13B07F861A680F5B00A75B9A /* YogaReactExample-iOS */ = {
			isa = PBXNativeTarget;
			buildConfigurationList = 13B07F931A680F5B00A75B9A /* Build configuration list for PBXNativeTarget "YogaReactExample-iOS" */;
			buildPhases = (
				13B07F871A680F5B00A75B9A /* Sources */,
				13B07F8C1A680F5B00A75B9A /* Frameworks */,
				13B07F8E1A680F5B00A75B9A /* Resources */,
				00DD1BFF1BD5951E006B06BC /* Bundle React Native code and images */,
			);
			buildRules = (
			);
			dependencies = (
			);
			name = "YogaReactExample-iOS";
			productName = YogaReactExample;
			productReference = 13B07F961A680F5B00A75B9A /* YogaReactExample.app */;
			productType = "com.apple.product-type.application";
		};
		514201482437B4B30078DB4F /* YogaReactExample-macOS */ = {
			isa = PBXNativeTarget;
			buildConfigurationList = 5142015A2437B4B40078DB4F /* Build configuration list for PBXNativeTarget "YogaReactExample-macOS" */;
			buildPhases = (
				1A938104A937498D81B3BD3B /* [CP] Check Pods Manifest.lock */,
				514201452437B4B30078DB4F /* Sources */,
				514201462437B4B30078DB4F /* Frameworks */,
				514201472437B4B30078DB4F /* Resources */,
				381D8A6E24576A4E00465D17 /* Bundle React Native code and images */,
				3722566212B8FEAB6371C4ED /* [CP] Embed Pods Frameworks */,
				799515B48B8E18F3BD49DD06 /* [CP] Copy Pods Resources */,
			);
			buildRules = (
			);
			dependencies = (
			);
			name = "YogaReactExample-macOS";
			productName = YogaReactExample;
			productReference = 514201492437B4B30078DB4F /* YogaReactExample.app */;
			productType = "com.apple.product-type.application";
		};
/* End PBXNativeTarget section */

/* Begin PBXProject section */
		83CBB9F71A601CBA00E9B192 /* Project object */ = {
			isa = PBXProject;
			attributes = {
				LastUpgradeCheck = 1130;
				TargetAttributes = {
					13B07F861A680F5B00A75B9A = {
						LastSwiftMigration = 1120;
					};
					514201482437B4B30078DB4F = {
						CreatedOnToolsVersion = 11.4;
						ProvisioningStyle = Automatic;
					};
				};
			};
			buildConfigurationList = 83CBB9FA1A601CBA00E9B192 /* Build configuration list for PBXProject "YogaReactExample" */;
			compatibilityVersion = "Xcode 3.2";
			developmentRegion = en;
			hasScannedForEncodings = 0;
			knownRegions = (
				en,
				Base,
			);
			mainGroup = 83CBB9F61A601CBA00E9B192;
			productRefGroup = 83CBBA001A601CBA00E9B192 /* Products */;
			projectDirPath = "";
			projectRoot = "";
			targets = (
				13B07F861A680F5B00A75B9A /* YogaReactExample-iOS */,
				514201482437B4B30078DB4F /* YogaReactExample-macOS */,
			);
		};
/* End PBXProject section */

/* Begin PBXResourcesBuildPhase section */
		13B07F8E1A680F5B00A75B9A /* Resources */ = {
			isa = PBXResourcesBuildPhase;
			buildActionMask = 2147483647;
			files = (
				5D0045734F6C5D73F8546B05 /* PrivacyInfo.xcprivacy in Resources */,
			);
			runOnlyForDeploymentPostprocessing = 0;
		};
		514201472437B4B30078DB4F /* Resources */ = {
			isa = PBXResourcesBuildPhase;
			buildActionMask = 2147483647;
			files = (
				514201522437B4B40078DB4F /* Assets.xcassets in Resources */,
				514201552437B4B40078DB4F /* Main.storyboard in Resources */,
				DEB487CCA36791EC34548205 /* PrivacyInfo.xcprivacy in Resources */,
				BB0000012437B4B30078DB4F /* windy_tree.riv in Resources */,
				BB0000032437B4B30078DB4F /* light_switch.riv in Resources */,
				BB0000052437B4B30078DB4F /* rating_animation.riv in Resources */,
				BB0000072437B4B30078DB4F /* switch_event_example.riv in Resources */,
				BB0000092437B4B30078DB4F /* cat_following_mouse.riv in Resources */,
				BB00000B2437B4B30078DB4F /* cursor_tracking.riv in Resources */,
				CC0000012437B4B30078DB4F /* purescript.png in Resources */,
				CC0000032437B4B30078DB4F /* haskell.png in Resources */,
				CC0000052437B4B30078DB4F /* shipit.png in Resources */,
				CC0000072437B4B30078DB4F /* party.png in Resources */,
				CC0000092437B4B30078DB4F /* parrot.gif in Resources */,
				CC00000B2437B4B30078DB4F /* congaparrot.gif in Resources */,
				CC00000D2437B4B30078DB4F /* cooldoge.gif in Resources */,
				CC00000F2437B4B30078DB4F /* dealwithit.gif in Resources */,
				CC0000112437B4B30078DB4F /* fastparrot.gif in Resources */,
				CC0000132437B4B30078DB4F /* opensourceparrot.gif in Resources */,
				CC0000152437B4B30078DB4F /* partyblob.gif in Resources */,
				CC0000172437B4B30078DB4F /* typingcat.gif in Resources */,
				CC0000192437B4B30078DB4F /* ultraparrot.gif in Resources */,
			);
			runOnlyForDeploymentPostprocessing = 0;
		};
/* End PBXResourcesBuildPhase section */

/* Begin PBXShellScriptBuildPhase section */
		00DD1BFF1BD5951E006B06BC /* Bundle React Native code and images */ = {
			isa = PBXShellScriptBuildPhase;
			buildActionMask = 2147483647;
			files = (
			);
			inputPaths = (
			);
			name = "Bundle React Native code and images";
			outputPaths = (
			);
			runOnlyForDeploymentPostprocessing = 0;
			shellPath = /bin/sh;
			shellScript = "export NODE_BINARY=node\n../node_modules/react-native-macos/scripts/react-native-xcode.sh\n";
		};
		1A938104A937498D81B3BD3B /* [CP] Check Pods Manifest.lock */ = {
			isa = PBXShellScriptBuildPhase;
			buildActionMask = 2147483647;
			files = (
			);
			inputFileListPaths = (
			);
			inputPaths = (
				"${PODS_PODFILE_DIR_PATH}/Podfile.lock",
				"${PODS_ROOT}/Manifest.lock",
			);
			name = "[CP] Check Pods Manifest.lock";
			outputFileListPaths = (
			);
			outputPaths = (
				"$(DERIVED_FILE_DIR)/Pods-YogaReactExample-macOS-checkManifestLockResult.txt",
			);
			runOnlyForDeploymentPostprocessing = 0;
			shellPath = /bin/sh;
			shellScript = "diff \"${PODS_PODFILE_DIR_PATH}/Podfile.lock\" \"${PODS_ROOT}/Manifest.lock\" > /dev/null\nif [ $? != 0 ] ; then\n    # print error to STDERR\n    echo \"error: The sandbox is not in sync with the Podfile.lock. Run 'pod install' or update your CocoaPods installation.\" >&2\n    exit 1\nfi\n# This output is used by Xcode 'outputs' to avoid re-running this script phase.\necho \"SUCCESS\" > \"${SCRIPT_OUTPUT_FILE_0}\"\n";
			showEnvVarsInLog = 0;
		};
		3722566212B8FEAB6371C4ED /* [CP] Embed Pods Frameworks */ = {
			isa = PBXShellScriptBuildPhase;
			buildActionMask = 2147483647;
			files = (
			);
			inputPaths = (
				"${PODS_ROOT}/Target Support Files/Pods-YogaReactExample-macOS/Pods-YogaReactExample-macOS-frameworks.sh",
				"${PODS_ROOT}/hermes-engine/destroot/Library/Frameworks/macosx/hermes.framework",
				"${PODS_XCFRAMEWORKS_BUILD_DIR}/RiveRuntime/RiveRuntime.framework/RiveRuntime",
			);
			name = "[CP] Embed Pods Frameworks";
			outputPaths = (
				"${TARGET_BUILD_DIR}/${FRAMEWORKS_FOLDER_PATH}/hermes.framework",
				"${TARGET_BUILD_DIR}/${FRAMEWORKS_FOLDER_PATH}/RiveRuntime.framework",
			);
			runOnlyForDeploymentPostprocessing = 0;
			shellPath = /bin/sh;
			shellScript = "\"${PODS_ROOT}/Target Support Files/Pods-YogaReactExample-macOS/Pods-YogaReactExample-macOS-frameworks.sh\"\n";
			showEnvVarsInLog = 0;
		};
		381D8A6E24576A4E00465D17 /* Bundle React Native code and images */ = {
			isa = PBXShellScriptBuildPhase;
			buildActionMask = 2147483647;
			files = (
			);
			inputFileListPaths = (
			);
			inputPaths = (
			);
			name = "Bundle React Native code and images";
			outputFileListPaths = (
			);
			outputPaths = (
			);
			runOnlyForDeploymentPostprocessing = 0;
			shellPath = /bin/sh;
			shellScript = "export NODE_BINARY=node\n../node_modules/react-native-macos/scripts/react-native-xcode.sh\n";
		};
		799515B48B8E18F3BD49DD06 /* [CP] Copy Pods Resources */ = {
			isa = PBXShellScriptBuildPhase;
			buildActionMask = 2147483647;
			files = (
			);
			inputPaths = (
				"${PODS_ROOT}/Target Support Files/Pods-YogaReactExample-macOS/Pods-YogaReactExample-macOS-resources.sh",
				"${PODS_CONFIGURATION_BUILD_DIR}/RCT-Folly/RCT-Folly_privacy.bundle",
				"${PODS_CONFIGURATION_BUILD_DIR}/React-Core/React-Core_privacy.bundle",
				"${PODS_CONFIGURATION_BUILD_DIR}/React-cxxreact/React-cxxreact_privacy.bundle",
				"${PODS_CONFIGURATION_BUILD_DIR}/RiveRuntime/runtime_ios_privacy.bundle",
				"${PODS_CONFIGURATION_BUILD_DIR}/boost/boost_privacy.bundle",
				"${PODS_CONFIGURATION_BUILD_DIR}/glog/glog_privacy.bundle",
			);
			name = "[CP] Copy Pods Resources";
			outputPaths = (
				"${TARGET_BUILD_DIR}/${UNLOCALIZED_RESOURCES_FOLDER_PATH}/RCT-Folly_privacy.bundle",
				"${TARGET_BUILD_DIR}/${UNLOCALIZED_RESOURCES_FOLDER_PATH}/React-Core_privacy.bundle",
				"${TARGET_BUILD_DIR}/${UNLOCALIZED_RESOURCES_FOLDER_PATH}/React-cxxreact_privacy.bundle",
				"${TARGET_BUILD_DIR}/${UNLOCALIZED_RESOURCES_FOLDER_PATH}/runtime_ios_privacy.bundle",
				"${TARGET_BUILD_DIR}/${UNLOCALIZED_RESOURCES_FOLDER_PATH}/boost_privacy.bundle",
				"${TARGET_BUILD_DIR}/${UNLOCALIZED_RESOURCES_FOLDER_PATH}/glog_privacy.bundle",
			);
			runOnlyForDeploymentPostprocessing = 0;
			shellPath = /bin/sh;
			shellScript = "\"${PODS_ROOT}/Target Support Files/Pods-YogaReactExample-macOS/Pods-YogaReactExample-macOS-resources.sh\"\n";
			showEnvVarsInLog = 0;
		};
/* End PBXShellScriptBuildPhase section */

/* Begin PBXSourcesBuildPhase section */
		13B07F871A680F5B00A75B9A /* Sources */ = {
			isa = PBXSourcesBuildPhase;
			buildActionMask = 2147483647;
			files = (
			);
			runOnlyForDeploymentPostprocessing = 0;
		};
		514201452437B4B30078DB4F /* Sources */ = {
			isa = PBXSourcesBuildPhase;
			buildActionMask = 2147483647;
			files = (
				514201582437B4B40078DB4F /* main.m in Sources */,
				5142014D2437B4B30078DB4F /* AppDelegate.mm in Sources */,
				AA0000012437B4B30078DB4F /* RCTSFSymbolViewManager.m in Sources */,
				AA0000032437B4B30078DB4F /* RCTFinderViewManager.m in Sources */,
				AA0000052437B4B30078DB4F /* RCTNativeShowcaseManager.m in Sources */,
				AA0000072437B4B30078DB4F /* RCTMacOSControlsManager.m in Sources */,
			);
			runOnlyForDeploymentPostprocessing = 0;
		};
/* End PBXSourcesBuildPhase section */

/* Begin PBXVariantGroup section */
		514201532437B4B40078DB4F /* Main.storyboard */ = {
			isa = PBXVariantGroup;
			children = (
				514201542437B4B40078DB4F /* Base */,
			);
			name = Main.storyboard;
			sourceTree = "<group>";
		};
/* End PBXVariantGroup section */

/* Begin XCBuildConfiguration section */
		13B07F941A680F5B00A75B9A /* Debug */ = {
			isa = XCBuildConfiguration;
			buildSettings = {
				ASSETCATALOG_COMPILER_APPICON_NAME = AppIcon;
				CLANG_ENABLE_MODULES = YES;
				CURRENT_PROJECT_VERSION = 1;
				ENABLE_BITCODE = NO;
				INFOPLIST_FILE = "YogaReactExample-iOS/Info.plist";
				LD_RUNPATH_SEARCH_PATHS = "$(inherited) @executable_path/Frameworks";
				OTHER_LDFLAGS = (
					"$(inherited)",
					"-ObjC",
					"-lc++",
				);
				PRODUCT_BUNDLE_IDENTIFIER = "org.reactjs.native.$(PRODUCT_NAME:rfc1034identifier)";
				PRODUCT_NAME = YogaReactExample;
				SWIFT_OPTIMIZATION_LEVEL = "-Onone";
				SWIFT_VERSION = 5.0;
				VERSIONING_SYSTEM = "apple-generic";
			};
			name = Debug;
		};
		13B07F951A680F5B00A75B9A /* Release */ = {
			isa = XCBuildConfiguration;
			buildSettings = {
				ASSETCATALOG_COMPILER_APPICON_NAME = AppIcon;
				CLANG_ENABLE_MODULES = YES;
				CURRENT_PROJECT_VERSION = 1;
				INFOPLIST_FILE = "YogaReactExample-iOS/Info.plist";
				LD_RUNPATH_SEARCH_PATHS = "$(inherited) @executable_path/Frameworks";
				OTHER_LDFLAGS = (
					"$(inherited)",
					"-ObjC",
					"-lc++",
				);
				PRODUCT_BUNDLE_IDENTIFIER = "org.reactjs.native.$(PRODUCT_NAME:rfc1034identifier)";
				PRODUCT_NAME = YogaReactExample;
				SWIFT_VERSION = 5.0;
				VERSIONING_SYSTEM = "apple-generic";
			};
			name = Release;
		};
		5142015B2437B4B40078DB4F /* Debug */ = {
			isa = XCBuildConfiguration;
			baseConfigurationReference = 21189D06A4C5925B17F3369D /* Pods-YogaReactExample-macOS.debug.xcconfig */;
			buildSettings = {
				ASSETCATALOG_COMPILER_APPICON_NAME = AppIcon;
				CLANG_ENABLE_MODULES = YES;
				CODE_SIGN_ENTITLEMENTS = "YogaReactExample-macOS/YogaReactExample.entitlements";
				CURRENT_PROJECT_VERSION = 1;
				DEAD_CODE_STRIPPING = NO;
				INFOPLIST_FILE = "YogaReactExample-macos/Info.plist";
				LD_RUNPATH_SEARCH_PATHS = "$(inherited) @executable_path/Frameworks";
				MACOSX_DEPLOYMENT_TARGET = 14.0;
				OTHER_LDFLAGS = (
					"$(inherited)",
					"-ObjC",
					"-lc++",
				);
				PRODUCT_BUNDLE_IDENTIFIER = "org.reactjs.native.$(PRODUCT_NAME:rfc1034identifier)";
				PRODUCT_NAME = YogaReactExample;
				SDKROOT = macosx;
				SWIFT_OPTIMIZATION_LEVEL = "-Onone";
				SWIFT_VERSION = 5.0;
			};
			name = Debug;
		};
		5142015C2437B4B40078DB4F /* Release */ = {
			isa = XCBuildConfiguration;
			baseConfigurationReference = 6219FEE28F8561D55869D1DF /* Pods-YogaReactExample-macOS.release.xcconfig */;
			buildSettings = {
				ASSETCATALOG_COMPILER_APPICON_NAME = AppIcon;
				CLANG_ENABLE_MODULES = YES;
				CODE_SIGN_ENTITLEMENTS = "YogaReactExample-macOS/YogaReactExample.entitlements";
				CURRENT_PROJECT_VERSION = 1;
				INFOPLIST_FILE = "YogaReactExample-macos/Info.plist";
				LD_RUNPATH_SEARCH_PATHS = "$(inherited) @executable_path/Frameworks";
				MACOSX_DEPLOYMENT_TARGET = 14.0;
				OTHER_LDFLAGS = (
					"$(inherited)",
					"-ObjC",
					"-lc++",
				);
				PRODUCT_BUNDLE_IDENTIFIER = "org.reactjs.native.$(PRODUCT_NAME:rfc1034identifier)";
				PRODUCT_NAME = YogaReactExample;
				SDKROOT = macosx;
				SWIFT_VERSION = 5.0;
			};
			name = Release;
		};
		83CBBA201A601CBA00E9B192 /* Debug */ = {
			isa = XCBuildConfiguration;
			buildSettings = {
				ALWAYS_SEARCH_USER_PATHS = NO;
				CLANG_ANALYZER_LOCALIZABILITY_NONLOCALIZED = YES;
				CLANG_CXX_LANGUAGE_STANDARD = "c++20";
				CLANG_CXX_LIBRARY = "libc++";
				CLANG_ENABLE_MODULES = YES;
				CLANG_ENABLE_OBJC_ARC = YES;
				CLANG_WARN_BLOCK_CAPTURE_AUTORELEASING = YES;
				CLANG_WARN_BOOL_CONVERSION = YES;
				CLANG_WARN_COMMA = YES;
				CLANG_WARN_CONSTANT_CONVERSION = YES;
				CLANG_WARN_DEPRECATED_OBJC_IMPLEMENTATIONS = YES;
				CLANG_WARN_DIRECT_OBJC_ISA_USAGE = YES_ERROR;
				CLANG_WARN_EMPTY_BODY = YES;
				CLANG_WARN_ENUM_CONVERSION = YES;
				CLANG_WARN_INFINITE_RECURSION = YES;
				CLANG_WARN_INT_CONVERSION = YES;
				CLANG_WARN_NON_LITERAL_NULL_CONVERSION = YES;
				CLANG_WARN_OBJC_IMPLICIT_RETAIN_SELF = YES;
				CLANG_WARN_OBJC_LITERAL_CONVERSION = YES;
				CLANG_WARN_OBJC_ROOT_CLASS = YES_ERROR;
				CLANG_WARN_RANGE_LOOP_ANALYSIS = YES;
				CLANG_WARN_STRICT_PROTOTYPES = YES;
				CLANG_WARN_SUSPICIOUS_MOVE = YES;
				CLANG_WARN_UNREACHABLE_CODE = YES;
				CLANG_WARN__DUPLICATE_METHOD_MATCH = YES;
				"CODE_SIGN_IDENTITY[sdk=iphoneos*]" = "iPhone Developer";
				COPY_PHASE_STRIP = NO;
				ENABLE_STRICT_OBJC_MSGSEND = YES;
				ENABLE_TESTABILITY = YES;
				GCC_C_LANGUAGE_STANDARD = gnu99;
				GCC_DYNAMIC_NO_PIC = NO;
				GCC_NO_COMMON_BLOCKS = YES;
				GCC_OPTIMIZATION_LEVEL = 0;
				GCC_PREPROCESSOR_DEFINITIONS = (
					"DEBUG=1",
					"$(inherited)",
				);
				GCC_SYMBOLS_PRIVATE_EXTERN = NO;
				GCC_WARN_64_TO_32_BIT_CONVERSION = YES;
				GCC_WARN_ABOUT_RETURN_TYPE = YES_ERROR;
				GCC_WARN_UNDECLARED_SELECTOR = YES;
				GCC_WARN_UNINITIALIZED_AUTOS = YES_AGGRESSIVE;
				GCC_WARN_UNUSED_FUNCTION = YES;
				GCC_WARN_UNUSED_VARIABLE = YES;
				IPHONEOS_DEPLOYMENT_TARGET = 9.0;
				LD_RUNPATH_SEARCH_PATHS = "/usr/lib/swift $(inherited)";
				LIBRARY_SEARCH_PATHS = (
					"$(SDKROOT)/usr/lib/swift",
					"\"$(TOOLCHAIN_DIR)/usr/lib/swift/$(PLATFORM_NAME)\"",
					"\"$(inherited)\"",
				);
				MTL_ENABLE_DEBUG_INFO = YES;
				ONLY_ACTIVE_ARCH = YES;
				REACT_NATIVE_PATH = "${PODS_ROOT}/../../node_modules/react-native";
				SDKROOT = iphoneos;
				SWIFT_ACTIVE_COMPILATION_CONDITIONS = "$(inherited) DEBUG";
				USE_HERMES = true;
			};
			name = Debug;
		};
		83CBBA211A601CBA00E9B192 /* Release */ = {
			isa = XCBuildConfiguration;
			buildSettings = {
				ALWAYS_SEARCH_USER_PATHS = NO;
				CLANG_ANALYZER_LOCALIZABILITY_NONLOCALIZED = YES;
				CLANG_CXX_LANGUAGE_STANDARD = "c++20";
				CLANG_CXX_LIBRARY = "libc++";
				CLANG_ENABLE_MODULES = YES;
				CLANG_ENABLE_OBJC_ARC = YES;
				CLANG_WARN_BLOCK_CAPTURE_AUTORELEASING = YES;
				CLANG_WARN_BOOL_CONVERSION = YES;
				CLANG_WARN_COMMA = YES;
				CLANG_WARN_CONSTANT_CONVERSION = YES;
				CLANG_WARN_DEPRECATED_OBJC_IMPLEMENTATIONS = YES;
				CLANG_WARN_DIRECT_OBJC_ISA_USAGE = YES_ERROR;
				CLANG_WARN_EMPTY_BODY = YES;
				CLANG_WARN_ENUM_CONVERSION = YES;
				CLANG_WARN_INFINITE_RECURSION = YES;
				CLANG_WARN_INT_CONVERSION = YES;
				CLANG_WARN_NON_LITERAL_NULL_CONVERSION = YES;
				CLANG_WARN_OBJC_IMPLICIT_RETAIN_SELF = YES;
				CLANG_WARN_OBJC_LITERAL_CONVERSION = YES;
				CLANG_WARN_OBJC_ROOT_CLASS = YES_ERROR;
				CLANG_WARN_RANGE_LOOP_ANALYSIS = YES;
				CLANG_WARN_STRICT_PROTOTYPES = YES;
				CLANG_WARN_SUSPICIOUS_MOVE = YES;
				CLANG_WARN_UNREACHABLE_CODE = YES;
				CLANG_WARN__DUPLICATE_METHOD_MATCH = YES;
				"CODE_SIGN_IDENTITY[sdk=iphoneos*]" = "iPhone Developer";
				COPY_PHASE_STRIP = YES;
				ENABLE_NS_ASSERTIONS = NO;
				ENABLE_STRICT_OBJC_MSGSEND = YES;
				GCC_C_LANGUAGE_STANDARD = gnu99;
				GCC_NO_COMMON_BLOCKS = YES;
				GCC_WARN_64_TO_32_BIT_CONVERSION = YES;
				GCC_WARN_ABOUT_RETURN_TYPE = YES_ERROR;
				GCC_WARN_UNDECLARED_SELECTOR = YES;
				GCC_WARN_UNINITIALIZED_AUTOS = YES_AGGRESSIVE;
				GCC_WARN_UNUSED_FUNCTION = YES;
				GCC_WARN_UNUSED_VARIABLE = YES;
				IPHONEOS_DEPLOYMENT_TARGET = 9.0;
				LD_RUNPATH_SEARCH_PATHS = "/usr/lib/swift $(inherited)";
				LIBRARY_SEARCH_PATHS = (
					"$(SDKROOT)/usr/lib/swift",
					"\"$(TOOLCHAIN_DIR)/usr/lib/swift/$(PLATFORM_NAME)\"",
					"\"$(inherited)\"",
				);
				MTL_ENABLE_DEBUG_INFO = NO;
				REACT_NATIVE_PATH = "${PODS_ROOT}/../../node_modules/react-native";
				SDKROOT = iphoneos;
				USE_HERMES = true;
				VALIDATE_PRODUCT = YES;
			};
			name = Release;
		};
/* End XCBuildConfiguration section */

/* Begin XCConfigurationList section */
		13B07F931A680F5B00A75B9A /* Build configuration list for PBXNativeTarget "YogaReactExample-iOS" */ = {
			isa = XCConfigurationList;
			buildConfigurations = (
				13B07F941A680F5B00A75B9A /* Debug */,
				13B07F951A680F5B00A75B9A /* Release */,
			);
			defaultConfigurationIsVisible = 0;
			defaultConfigurationName = Release;
		};
		5142015A2437B4B40078DB4F /* Build configuration list for PBXNativeTarget "YogaReactExample-macOS" */ = {
			isa = XCConfigurationList;
			buildConfigurations = (
				5142015B2437B4B40078DB4F /* Debug */,
				5142015C2437B4B40078DB4F /* Release */,
			);
			defaultConfigurationIsVisible = 0;
			defaultConfigurationName = Release;
		};
		83CBB9FA1A601CBA00E9B192 /* Build configuration list for PBXProject "YogaReactExample" */ = {
			isa = XCConfigurationList;
			buildConfigurations = (
				83CBBA201A601CBA00E9B192 /* Debug */,
				83CBBA211A601CBA00E9B192 /* Release */,
			);
			defaultConfigurationIsVisible = 0;
			defaultConfigurationName = Release;
		};
/* End XCConfigurationList section */
	};
	rootObject = 83CBB9F71A601CBA00E9B192 /* Project object */;
}
